
Microsoft Visual Studio Solution File, Format Version 12.00
# Visual Studio Version 17
VisualStudioVersion = 17.0.31903.59
MinimumVisualStudioVersion = 10.0.40219.1
Project("{2150E333-8FDC-42A3-9474-1A3956D46DE8}") = "src", "src", "{827E0CD3-B72D-47B6-A68D-7590B98EB39B}"
EndProject
Project("{FAE04EC0-301F-11D3-BF4B-00C04F79EFBC}") = "Sonda.Domain", "src\Sonda.Domain\Sonda.Domain.csproj", "{CC7E7447-28FB-44CD-946D-6A1CC191E1F5}"
EndProject
Project("{FAE04EC0-301F-11D3-BF4B-00C04F79EFBC}") = "Sonda.Application", "src\Sonda.Application\Sonda.Application.csproj", "{977CF598-E39E-4C25-B539-ACC936043C0B}"
EndProject
Project("{2150E333-8FDC-42A3-9474-1A3956D46DE8}") = "tools", "tools", "{07C2787E-EAC7-C090-1BA3-A61EC2A24D84}"
EndProject
Project("{FAE04EC0-301F-11D3-BF4B-00C04F79EFBC}") = "Sonda.Simulator", "tools\Sonda.Simulator\Sonda.Simulator.csproj", "{064EAA5F-EB47-48A8-91B1-D29FB5ED2516}"
EndProject
Project("{2150E333-8FDC-42A3-9474-1A3956D46DE8}") = "tests", "tests", "{0AB3BF05-4346-4AA6-1389-037BE0695223}"
EndProject
Project("{FAE04EC0-301F-11D3-BF4B-00C04F79EFBC}") = "Sonda.Phase1.Tests", "tests\Sonda.Phase1.Tests\Sonda.Phase1.Tests.csproj", "{D3E2BEB9-2D00-437C-B45B-831BEF719CA3}"
EndProject
Project("{FAE04EC0-301F-11D3-BF4B-00C04F79EFBC}") = "Sonda.Infrastructure", "src\Sonda.Infrastructure\Sonda.Infrastructure.csproj", "{005110C2-CFB4-4479-B837-4D53991A2348}"
EndProject
Project("{FAE04EC0-301F-11D3-BF4B-00C04F79EFBC}") = "Sonda.PersistenceHarness", "tools\Sonda.PersistenceHarness\Sonda.PersistenceHarness.csproj", "{01D67159-FE4A-427E-AE41-39B259C709CB}"
EndProject
Project("{FAE04EC0-301F-11D3-BF4B-00C04F79EFBC}") = "Sonda.Persistence.Tests", "tests\Sonda.Persistence.Tests\Sonda.Persistence.Tests.csproj", "{BA7C9F76-79F6-41D8-A798-EBC95F3FBD41}"
EndProject
Project("{FAE04EC0-301F-11D3-BF4B-00C04F79EFBC}") = "Sonda.Phase3.Tests", "tests\Sonda.Phase3.Tests\Sonda.Phase3.Tests.csproj", "{81C728E0-55AE-47A9-9403-CE2E78E1D07D}"
EndProject
Project("{FAE04EC0-301F-11D3-BF4B-00C04F79EFBC}") = "Sonda.Acquisition.Tests", "tests\Sonda.Acquisition.Tests\Sonda.Acquisition.Tests.csproj", "{7AEDA09F-31ED-4BF3-AC77-2C641D84AE26}"
EndProject
Project("{FAE04EC0-301F-11D3-BF4B-00C04F79EFBC}") = "Sonda.Worker", "src\Sonda.Worker\Sonda.Worker.csproj", "{69936F37-11A6-4516-85CD-F87D44CE72BC}"
EndProject
Project("{FAE04EC0-301F-11D3-BF4B-00C04F79EFBC}") = "Sonda.Access", "src\Sonda.Access\Sonda.Access.csproj", "{89AC6EC8-110B-462E-AC70-99044DE7929E}"
EndProject
Project("{FAE04EC0-301F-11D3-BF4B-00C04F79EFBC}") = "Sonda.Api.Contracts", "src\Sonda.Api.Contracts\Sonda.Api.Contracts.csproj", "{67945E6B-E22D-443C-A268-493439462B7D}"
EndProject
Project("{FAE04EC0-301F-11D3-BF4B-00C04F79EFBC}") = "Sonda.Server", "src\Sonda.Server\Sonda.Server.csproj", "{56699D60-5BFE-4CDC-A60A-067EA11648DE}"
EndProject
Project("{FAE04EC0-301F-11D3-BF4B-00C04F79EFBC}") = "Sonda.Access.Tests", "tests\Sonda.Access.Tests\Sonda.Access.Tests.csproj", "{28ABEFD5-FA1E-4404-80DE-B946A9723428}"
EndProject
Project("{FAE04EC0-301F-11D3-BF4B-00C04F79EFBC}") = "Sonda.Api.Tests", "tests\Sonda.Api.Tests\Sonda.Api.Tests.csproj", "{BE97EFA1-5957-45CA-B78A-9212CAC43077}"
EndProject
Global
	GlobalSection(SolutionConfigurationPlatforms) = preSolution
		Debug|Any CPU = Debug|Any CPU
		Debug|x64 = Debug|x64
		Debug|x86 = Debug|x86
		Release|Any CPU = Release|Any CPU
		Release|x64 = Release|x64
		Release|x86 = Release|x86
	EndGlobalSection
	GlobalSection(ProjectConfigurationPlatforms) = postSolution
		{CC7E7447-28FB-44CD-946D-6A1CC191E1F5}.Debug|Any CPU.ActiveCfg = Debug|Any CPU
		{CC7E7447-28FB-44CD-946D-6A1CC191E1F5}.Debug|Any CPU.Build.0 = Debug|Any CPU
		{CC7E7447-28FB-44CD-946D-6A1CC191E1F5}.Debug|x64.ActiveCfg = Debug|Any CPU
		{CC7E7447-28FB-44CD-946D-6A1CC191E1F5}.Debug|x64.Build.0 = Debug|Any CPU
		{CC7E7447-28FB-44CD-946D-6A1CC191E1F5}.Debug|x86.ActiveCfg = Debug|Any CPU
		{CC7E7447-28FB-44CD-946D-6A1CC191E1F5}.Debug|x86.Build.0 = Debug|Any CPU
		{CC7E7447-28FB-44CD-946D-6A1CC191E1F5}.Release|Any CPU.ActiveCfg = Release|Any CPU
		{CC7E7447-28FB-44CD-946D-6A1CC191E1F5}.Release|Any CPU.Build.0 = Release|Any CPU
		{CC7E7447-28FB-44CD-946D-6A1CC191E1F5}.Release|x64.ActiveCfg = Release|Any CPU
		{CC7E7447-28FB-44CD-946D-6A1CC191E1F5}.Release|x64.Build.0 = Release|Any CPU
		{CC7E7447-28FB-44CD-946D-6A1CC191E1F5}.Release|x86.ActiveCfg = Release|Any CPU
		{CC7E7447-28FB-44CD-946D-6A1CC191E1F5}.Release|x86.Build.0 = Release|Any CPU
		{977CF598-E39E-4C25-B539-ACC936043C0B}.Debug|Any CPU.ActiveCfg = Debug|Any CPU
		{977CF598-E39E-4C25-B539-ACC936043C0B}.Debug|Any CPU.Build.0 = Debug|Any CPU
		{977CF598-E39E-4C25-B539-ACC936043C0B}.Debug|x64.ActiveCfg = Debug|Any CPU
		{977CF598-E39E-4C25-B539-ACC936043C0B}.Debug|x64.Build.0 = Debug|Any CPU
		{977CF598-E39E-4C25-B539-ACC936043C0B}.Debug|x86.ActiveCfg = Debug|Any CPU
		{977CF598-E39E-4C25-B539-ACC936043C0B}.Debug|x86.Build.0 = Debug|Any CPU
		{977CF598-E39E-4C25-B539-ACC936043C0B}.Release|Any CPU.ActiveCfg = Release|Any CPU
		{977CF598-E39E-4C25-B539-ACC936043C0B}.Release|Any CPU.Build.0 = Release|Any CPU
		{977CF598-E39E-4C25-B539-ACC936043C0B}.Release|x64.ActiveCfg = Release|Any CPU
		{977CF598-E39E-4C25-B539-ACC936043C0B}.Release|x64.Build.0 = Release|Any CPU
		{977CF598-E39E-4C25-B539-ACC936043C0B}.Release|x86.ActiveCfg = Release|Any CPU
		{977CF598-E39E-4C25-B539-ACC936043C0B}.Release|x86.Build.0 = Release|Any CPU
		{064EAA5F-EB47-48A8-91B1-D29FB5ED2516}.Debug|Any CPU.ActiveCfg = Debug|Any CPU
		{064EAA5F-EB47-48A8-91B1-D29FB5ED2516}.Debug|Any CPU.Build.0 = Debug|Any CPU
		{064EAA5F-EB47-48A8-91B1-D29FB5ED2516}.Debug|x64.ActiveCfg = Debug|Any CPU
		{064EAA5F-EB47-48A8-91B1-D29FB5ED2516}.Debug|x64.Build.0 = Debug|Any CPU
		{064EAA5F-EB47-48A8-91B1-D29FB5ED2516}.Debug|x86.ActiveCfg = Debug|Any CPU
		{064EAA5F-EB47-48A8-91B1-D29FB5ED2516}.Debug|x86.Build.0 = Debug|Any CPU
		{064EAA5F-EB47-48A8-91B1-D29FB5ED2516}.Release|Any CPU.ActiveCfg = Release|Any CPU
		{064EAA5F-EB47-48A8-91B1-D29FB5ED2516}.Release|Any CPU.Build.0 = Release|Any CPU
		{064EAA5F-EB47-48A8-91B1-D29FB5ED2516}.Release|x64.ActiveCfg = Release|Any CPU
		{064EAA5F-EB47-48A8-91B1-D29FB5ED2516}.Release|x64.Build.0 = Release|Any CPU
		{064EAA5F-EB47-48A8-91B1-D29FB5ED2516}.Release|x86.ActiveCfg = Release|Any CPU
		{064EAA5F-EB47-48A8-91B1-D29FB5ED2516}.Release|x86.Build.0 = Release|Any CPU
		{D3E2BEB9-2D00-437C-B45B-831BEF719CA3}.Debug|Any CPU.ActiveCfg = Debug|Any CPU
		{D3E2BEB9-2D00-437C-B45B-831BEF719CA3}.Debug|Any CPU.Build.0 = Debug|Any CPU
		{D3E2BEB9-2D00-437C-B45B-831BEF719CA3}.Debug|x64.ActiveCfg = Debug|Any CPU
		{D3E2BEB9-2D00-437C-B45B-831BEF719CA3}.Debug|x64.Build.0 = Debug|Any CPU
		{D3E2BEB9-2D00-437C-B45B-831BEF719CA3}.Debug|x86.ActiveCfg = Debug|Any CPU
		{D3E2BEB9-2D00-437C-B45B-831BEF719CA3}.Debug|x86.Build.0 = Debug|Any CPU
		{D3E2BEB9-2D00-437C-B45B-831BEF719CA3}.Release|Any CPU.ActiveCfg = Release|Any CPU
		{D3E2BEB9-2D00-437C-B45B-831BEF719CA3}.Release|Any CPU.Build.0 = Release|Any CPU
		{D3E2BEB9-2D00-437C-B45B-831BEF719CA3}.Release|x64.ActiveCfg = Release|Any CPU
		{D3E2BEB9-2D00-437C-B45B-831BEF719CA3}.Release|x64.Build.0 = Release|Any CPU
		{D3E2BEB9-2D00-437C-B45B-831BEF719CA3}.Release|x86.ActiveCfg = Release|Any CPU
		{D3E2BEB9-2D00-437C-B45B-831BEF719CA3}.Release|x86.Build.0 = Release|Any CPU
		{005110C2-CFB4-4479-B837-4D53991A2348}.Debug|Any CPU.ActiveCfg = Debug|Any CPU
		{005110C2-CFB4-4479-B837-4D53991A2348}.Debug|Any CPU.Build.0 = Debug|Any CPU
		{005110C2-CFB4-4479-B837-4D53991A2348}.Debug|x64.ActiveCfg = Debug|Any CPU
		{005110C2-CFB4-4479-B837-4D53991A2348}.Debug|x64.Build.0 = Debug|Any CPU
		{005110C2-CFB4-4479-B837-4D53991A2348}.Debug|x86.ActiveCfg = Debug|Any CPU
		{005110C2-CFB4-4479-B837-4D53991A2348}.Debug|x86.Build.0 = Debug|Any CPU
		{005110C2-CFB4-4479-B837-4D53991A2348}.Release|Any CPU.ActiveCfg = Release|Any CPU
		{005110C2-CFB4-4479-B837-4D53991A2348}.Release|Any CPU.Build.0 = Release|Any CPU
		{005110C2-CFB4-4479-B837-4D53991A2348}.Release|x64.ActiveCfg = Release|Any CPU
		{005110C2-CFB4-4479-B837-4D53991A2348}.Release|x64.Build.0 = Release|Any CPU
		{005110C2-CFB4-4479-B837-4D53991A2348}.Release|x86.ActiveCfg = Release|Any CPU
		{005110C2-CFB4-4479-B837-4D53991A2348}.Release|x86.Build.0 = Release|Any CPU
		{01D67159-FE4A-427E-AE41-39B259C709CB}.Debug|Any CPU.ActiveCfg = Debug|Any CPU
		{01D67159-FE4A-427E-AE41-39B259C709CB}.Debug|Any CPU.Build.0 = Debug|Any CPU
		{01D67159-FE4A-427E-AE41-39B259C709CB}.Debug|x64.ActiveCfg = Debug|Any CPU
		{01D67159-FE4A-427E-AE41-39B259C709CB}.Debug|x64.Build.0 = Debug|Any CPU
		{01D67159-FE4A-427E-AE41-39B259C709CB}.Debug|x86.ActiveCfg = Debug|Any CPU
		{01D67159-FE4A-427E-AE41-39B259C709CB}.Debug|x86.Build.0 = Debug|Any CPU
		{01D67159-FE4A-427E-AE41-39B259C709CB}.Release|Any CPU.ActiveCfg = Release|Any CPU
		{01D67159-FE4A-427E-AE41-39B259C709CB}.Release|Any CPU.Build.0 = Release|Any CPU
		{01D67159-FE4A-427E-AE41-39B259C709CB}.Release|x64.ActiveCfg = Release|Any CPU
		{01D67159-FE4A-427E-AE41-39B259C709CB}.Release|x64.Build.0 = Release|Any CPU
		{01D67159-FE4A-427E-AE41-39B259C709CB}.Release|x86.ActiveCfg = Release|Any CPU
		{01D67159-FE4A-427E-AE41-39B259C709CB}.Release|x86.Build.0 = Release|Any CPU
		{BA7C9F76-79F6-41D8-A798-EBC95F3FBD41}.Debug|Any CPU.ActiveCfg = Debug|Any CPU
		{BA7C9F76-79F6-41D8-A798-EBC95F3FBD41}.Debug|Any CPU.Build.0 = Debug|Any CPU
		{BA7C9F76-79F6-41D8-A798-EBC95F3FBD41}.Debug|x64.ActiveCfg = Debug|Any CPU
		{BA7C9F76-79F6-41D8-A798-EBC95F3FBD41}.Debug|x64.Build.0 = Debug|Any CPU
		{BA7C9F76-79F6-41D8-A798-EBC95F3FBD41}.Debug|x86.ActiveCfg = Debug|Any CPU
		{BA7C9F76-79F6-41D8-A798-EBC95F3FBD41}.Debug|x86.Build.0 = Debug|Any CPU
		{BA7C9F76-79F6-41D8-A798-EBC95F3FBD41}.Release|Any CPU.ActiveCfg = Release|Any CPU
		{BA7C9F76-79F6-41D8-A798-EBC95F3FBD41}.Release|Any CPU.Build.0 = Release|Any CPU
		{BA7C9F76-79F6-41D8-A798-EBC95F3FBD41}.Release|x64.ActiveCfg = Release|Any CPU
		{BA7C9F76-79F6-41D8-A798-EBC95F3FBD41}.Release|x64.Build.0 = Release|Any CPU
		{BA7C9F76-79F6-41D8-A798-EBC95F3FBD41}.Release|x86.ActiveCfg = Release|Any CPU
		{BA7C9F76-79F6-41D8-A798-EBC95F3FBD41}.Release|x86.Build.0 = Release|Any CPU
		{81C728E0-55AE-47A9-9403-CE2E78E1D07D}.Debug|Any CPU.ActiveCfg = Debug|Any CPU
		{81C728E0-55AE-47A9-9403-CE2E78E1D07D}.Debug|Any CPU.Build.0 = Debug|Any CPU
		{81C728E0-55AE-47A9-9403-CE2E78E1D07D}.Debug|x64.ActiveCfg = Debug|Any CPU
		{81C728E0-55AE-47A9-9403-CE2E78E1D07D}.Debug|x64.Build.0 = Debug|Any CPU
		{81C728E0-55AE-47A9-9403-CE2E78E1D07D}.Debug|x86.ActiveCfg = Debug|Any CPU
		{81C728E0-55AE-47A9-9403-CE2E78E1D07D}.Debug|x86.Build.0 = Debug|Any CPU
		{81C728E0-55AE-47A9-9403-CE2E78E1D07D}.Release|Any CPU.ActiveCfg = Release|Any CPU
		{81C728E0-55AE-47A9-9403-CE2E78E1D07D}.Release|Any CPU.Build.0 = Release|Any CPU
		{81C728E0-55AE-47A9-9403-CE2E78E1D07D}.Release|x64.ActiveCfg = Release|Any CPU
		{81C728E0-55AE-47A9-9403-CE2E78E1D07D}.Release|x64.Build.0 = Release|Any CPU
		{81C728E0-55AE-47A9-9403-CE2E78E1D07D}.Release|x86.ActiveCfg = Release|Any CPU
		{81C728E0-55AE-47A9-9403-CE2E78E1D07D}.Release|x86.Build.0 = Release|Any CPU
		{7AEDA09F-31ED-4BF3-AC77-2C641D84AE26}.Debug|Any CPU.ActiveCfg = Debug|Any CPU
		{7AEDA09F-31ED-4BF3-AC77-2C641D84AE26}.Debug|Any CPU.Build.0 = Debug|Any CPU
		{7AEDA09F-31ED-4BF3-AC77-2C641D84AE26}.Debug|x64.ActiveCfg = Debug|Any CPU
		{7AEDA09F-31ED-4BF3-AC77-2C641D84AE26}.Debug|x64.Build.0 = Debug|Any CPU
		{7AEDA09F-31ED-4BF3-AC77-2C641D84AE26}.Debug|x86.ActiveCfg = Debug|Any CPU
		{7AEDA09F-31ED-4BF3-AC77-2C641D84AE26}.Debug|x86.Build.0 = Debug|Any CPU
		{7AEDA09F-31ED-4BF3-AC77-2C641D84AE26}.Release|Any CPU.ActiveCfg = Release|Any CPU
		{7AEDA09F-31ED-4BF3-AC77-2C641D84AE26}.Release|Any CPU.Build.0 = Release|Any CPU
		{7AEDA09F-31ED-4BF3-AC77-2C641D84AE26}.Release|x64.ActiveCfg = Release|Any CPU
		{7AEDA09F-31ED-4BF3-AC77-2C641D84AE26}.Release|x64.Build.0 = Release|Any CPU
		{7AEDA09F-31ED-4BF3-AC77-2C641D84AE26}.Release|x86.ActiveCfg = Release|Any CPU
		{7AEDA09F-31ED-4BF3-AC77-2C641D84AE26}.Release|x86.Build.0 = Release|Any CPU
		{69936F37-11A6-4516-85CD-F87D44CE72BC}.Debug|Any CPU.ActiveCfg = Debug|Any CPU
		{69936F37-11A6-4516-85CD-F87D44CE72BC}.Debug|Any CPU.Build.0 = Debug|Any CPU
		{69936F37-11A6-4516-85CD-F87D44CE72BC}.Debug|x64.ActiveCfg = Debug|Any CPU
		{69936F37-11A6-4516-85CD-F87D44CE72BC}.Debug|x64.Build.0 = Debug|Any CPU
		{69936F37-11A6-4516-85CD-F87D44CE72BC}.Debug|x86.ActiveCfg = Debug|Any CPU
		{69936F37-11A6-4516-85CD-F87D44CE72BC}.Debug|x86.Build.0 = Debug|Any CPU
		{69936F37-11A6-4516-85CD-F87D44CE72BC}.Release|Any CPU.ActiveCfg = Release|Any CPU
		{69936F37-11A6-4516-85CD-F87D44CE72BC}.Release|Any CPU.Build.0 = Release|Any CPU
		{69936F37-11A6-4516-85CD-F87D44CE72BC}.Release|x64.ActiveCfg = Release|Any CPU
		{69936F37-11A6-4516-85CD-F87D44CE72BC}.Release|x64.Build.0 = Release|Any CPU
		{69936F37-11A6-4516-85CD-F87D44CE72BC}.Release|x86.ActiveCfg = Release|Any CPU
		{69936F37-11A6-4516-85CD-F87D44CE72BC}.Release|x86.Build.0 = Release|Any CPU
		{89AC6EC8-110B-462E-AC70-99044DE7929E}.Debug|Any CPU.ActiveCfg = Debug|Any CPU
		{89AC6EC8-110B-462E-AC70-99044DE7929E}.Debug|Any CPU.Build.0 = Debug|Any CPU
		{89AC6EC8-110B-462E-AC70-99044DE7929E}.Debug|x64.ActiveCfg = Debug|Any CPU
		{89AC6EC8-110B-462E-AC70-99044DE7929E}.Debug|x64.Build.0 = Debug|Any CPU
		{89AC6EC8-110B-462E-AC70-99044DE7929E}.Debug|x86.ActiveCfg = Debug|Any CPU
		{89AC6EC8-110B-462E-AC70-99044DE7929E}.Debug|x86.Build.0 = Debug|Any CPU
		{89AC6EC8-110B-462E-AC70-99044DE7929E}.Release|Any CPU.ActiveCfg = Release|Any CPU
		{89AC6EC8-110B-462E-AC70-99044DE7929E}.Release|Any CPU.Build.0 = Release|Any CPU
		{89AC6EC8-110B-462E-AC70-99044DE7929E}.Release|x64.ActiveCfg = Release|Any CPU
		{89AC6EC8-110B-462E-AC70-99044DE7929E}.Release|x64.Build.0 = Release|Any CPU
		{89AC6EC8-110B-462E-AC70-99044DE7929E}.Release|x86.ActiveCfg = Release|Any CPU
		{89AC6EC8-110B-462E-AC70-99044DE7929E}.Release|x86.Build.0 = Release|Any CPU
		{67945E6B-E22D-443C-A268-493439462B7D}.Debug|Any CPU.ActiveCfg = Debug|Any CPU
		{67945E6B-E22D-443C-A268-493439462B7D}.Debug|Any CPU.Build.0 = Debug|Any CPU
		{67945E6B-E22D-443C-A268-493439462B7D}.Debug|x64.ActiveCfg = Debug|Any CPU
		{67945E6B-E22D-443C-A268-493439462B7D}.Debug|x64.Build.0 = Debug|Any CPU
		{67945E6B-E22D-443C-A268-493439462B7D}.Debug|x86.ActiveCfg = Debug|Any CPU
		{67945E6B-E22D-443C-A268-493439462B7D}.Debug|x86.Build.0 = Debug|Any CPU
		{67945E6B-E22D-443C-A268-493439462B7D}.Release|Any CPU.ActiveCfg = Release|Any CPU
		{67945E6B-E22D-443C-A268-493439462B7D}.Release|Any CPU.Build.0 = Release|Any CPU
		{67945E6B-E22D-443C-A268-493439462B7D}.Release|x64.ActiveCfg = Release|Any CPU
		{67945E6B-E22D-443C-A268-493439462B7D}.Release|x64.Build.0 = Release|Any CPU
		{67945E6B-E22D-443C-A268-493439462B7D}.Release|x86.ActiveCfg = Release|Any CPU
		{67945E6B-E22D-443C-A268-493439462B7D}.Release|x86.Build.0 = Release|Any CPU
		{56699D60-5BFE-4CDC-A60A-067EA11648DE}.Debug|Any CPU.ActiveCfg = Debug|Any CPU
		{56699D60-5BFE-4CDC-A60A-067EA11648DE}.Debug|Any CPU.Build.0 = Debug|Any CPU
		{56699D60-5BFE-4CDC-A60A-067EA11648DE}.Debug|x64.ActiveCfg = Debug|Any CPU
		{56699D60-5BFE-4CDC-A60A-067EA11648DE}.Debug|x64.Build.0 = Debug|Any CPU
		{56699D60-5BFE-4CDC-A60A-067EA11648DE}.Debug|x86.ActiveCfg = Debug|Any CPU
		{56699D60-5BFE-4CDC-A60A-067EA11648DE}.Debug|x86.Build.0 = Debug|Any CPU
		{56699D60-5BFE-4CDC-A60A-067EA11648DE}.Release|Any CPU.ActiveCfg = Release|Any CPU
		{56699D60-5BFE-4CDC-A60A-067EA11648DE}.Release|Any CPU.Build.0 = Release|Any CPU
		{56699D60-5BFE-4CDC-A60A-067EA11648DE}.Release|x64.ActiveCfg = Release|Any CPU
		{56699D60-5BFE-4CDC-A60A-067EA11648DE}.Release|x64.Build.0 = Release|Any CPU
		{56699D60-5BFE-4CDC-A60A-067EA11648DE}.Release|x86.ActiveCfg = Release|Any CPU
		{56699D60-5BFE-4CDC-A60A-067EA11648DE}.Release|x86.Build.0 = Release|Any CPU
		{28ABEFD5-FA1E-4404-80DE-B946A9723428}.Debug|Any CPU.ActiveCfg = Debug|Any CPU
		{28ABEFD5-FA1E-4404-80DE-B946A9723428}.Debug|Any CPU.Build.0 = Debug|Any CPU
		{28ABEFD5-FA1E-4404-80DE-B946A9723428}.Debug|x64.ActiveCfg = Debug|Any CPU
		{28ABEFD5-FA1E-4404-80DE-B946A9723428}.Debug|x64.Build.0 = Debug|Any CPU
		{28ABEFD5-FA1E-4404-80DE-B946A9723428}.Debug|x86.ActiveCfg = Debug|Any CPU
		{28ABEFD5-FA1E-4404-80DE-B946A9723428}.Debug|x86.Build.0 = Debug|Any CPU
		{28ABEFD5-FA1E-4404-80DE-B946A9723428}.Release|Any CPU.ActiveCfg = Release|Any CPU
		{28ABEFD5-FA1E-4404-80DE-B946A9723428}.Release|Any CPU.Build.0 = Release|Any CPU
		{28ABEFD5-FA1E-4404-80DE-B946A9723428}.Release|x64.ActiveCfg = Release|Any CPU
		{28ABEFD5-FA1E-4404-80DE-B946A9723428}.Release|x64.Build.0 = Release|Any CPU
		{28ABEFD5-FA1E-4404-80DE-B946A9723428}.Release|x86.ActiveCfg = Release|Any CPU
		{28ABEFD5-FA1E-4404-80DE-B946A9723428}.Release|x86.Build.0 = Release|Any CPU
		{BE97EFA1-5957-45CA-B78A-9212CAC43077}.Debug|Any CPU.ActiveCfg = Debug|Any CPU
		{BE97EFA1-5957-45CA-B78A-9212CAC43077}.Debug|Any CPU.Build.0 = Debug|Any CPU
		{BE97EFA1-5957-45CA-B78A-9212CAC43077}.Debug|x64.ActiveCfg = Debug|Any CPU
		{BE97EFA1-5957-45CA-B78A-9212CAC43077}.Debug|x64.Build.0 = Debug|Any CPU
		{BE97EFA1-5957-45CA-B78A-9212CAC43077}.Debug|x86.ActiveCfg = Debug|Any CPU
		{BE97EFA1-5957-45CA-B78A-9212CAC43077}.Debug|x86.Build.0 = Debug|Any CPU
		{BE97EFA1-5957-45CA-B78A-9212CAC43077}.Release|Any CPU.ActiveCfg = Release|Any CPU
		{BE97EFA1-5957-45CA-B78A-9212CAC43077}.Release|Any CPU.Build.0 = Release|Any CPU
		{BE97EFA1-5957-45CA-B78A-9212CAC43077}.Release|x64.ActiveCfg = Release|Any CPU
		{BE97EFA1-5957-45CA-B78A-9212CAC43077}.Release|x64.Build.0 = Release|Any CPU
		{BE97EFA1-5957-45CA-B78A-9212CAC43077}.Release|x86.ActiveCfg = Release|Any CPU
		{BE97EFA1-5957-45CA-B78A-9212CAC43077}.Release|x86.Build.0 = Release|Any CPU
	EndGlobalSection
	GlobalSection(SolutionProperties) = preSolution
		HideSolutionNode = FALSE
	EndGlobalSection
	GlobalSection(NestedProjects) = preSolution
		{CC7E7447-28FB-44CD-946D-6A1CC191E1F5} = {827E0CD3-B72D-47B6-A68D-7590B98EB39B}
		{977CF598-E39E-4C25-B539-ACC936043C0B} = {827E0CD3-B72D-47B6-A68D-7590B98EB39B}
		{064EAA5F-EB47-48A8-91B1-D29FB5ED2516} = {07C2787E-EAC7-C090-1BA3-A61EC2A24D84}
		{D3E2BEB9-2D00-437C-B45B-831BEF719CA3} = {0AB3BF05-4346-4AA6-1389-037BE0695223}
		{005110C2-CFB4-4479-B837-4D53991A2348} = {827E0CD3-B72D-47B6-A68D-7590B98EB39B}
		{01D67159-FE4A-427E-AE41-39B259C709CB} = {07C2787E-EAC7-C090-1BA3-A61EC2A24D84}
		{BA7C9F76-79F6-41D8-A798-EBC95F3FBD41} = {0AB3BF05-4346-4AA6-1389-037BE0695223}
		{81C728E0-55AE-47A9-9403-CE2E78E1D07D} = {0AB3BF05-4346-4AA6-1389-037BE0695223}
		{7AEDA09F-31ED-4BF3-AC77-2C641D84AE26} = {0AB3BF05-4346-4AA6-1389-037BE0695223}
		{69936F37-11A6-4516-85CD-F87D44CE72BC} = {827E0CD3-B72D-47B6-A68D-7590B98EB39B}
		{89AC6EC8-110B-462E-AC70-99044DE7929E} = {827E0CD3-B72D-47B6-A68D-7590B98EB39B}
		{67945E6B-E22D-443C-A268-493439462B7D} = {827E0CD3-B72D-47B6-A68D-7590B98EB39B}
		{56699D60-5BFE-4CDC-A60A-067EA11648DE} = {827E0CD3-B72D-47B6-A68D-7590B98EB39B}
		{28ABEFD5-FA1E-4404-80DE-B946A9723428} = {0AB3BF05-4346-4AA6-1389-037BE0695223}
		{BE97EFA1-5957-45CA-B78A-9212CAC43077} = {0AB3BF05-4346-4AA6-1389-037BE0695223}
	EndGlobalSection
EndGlobal
